// !$*UTF8*$!
{
	archiveVersion = 1;
	classes = {
	};
	objectVersion = 50;
	objects = {

/* Begin PBXBuildFile section */
		247C1D9E9F79C470E3C644CC /* Pods_Ixigo.framework in Frameworks */ = {isa = PBXBuildFile; fileRef = D2AC8414B1212E16015001F1 /* Pods_Ixigo.framework */; };
		329A76FC22C39C18008BD5D2 /* AppDelegate.swift in Sources */ = {isa = PBXBuildFile; fileRef = 329A76FB22C39C18008BD5D2 /* AppDelegate.swift */; };
		329A770122C39C18008BD5D2 /* Main.storyboard in Resources */ = {isa = PBXBuildFile; fileRef = 329A76FF22C39C18008BD5D2 /* Main.storyboard */; };
		329A770322C39C22008BD5D2 /* Assets.xcassets in Resources */ = {isa = PBXBuildFile; fileRef = 329A770222C39C22008BD5D2 /* Assets.xcassets */; };
		329A770622C39C22008BD5D2 /* LaunchScreen.storyboard in Resources */ = {isa = PBXBuildFile; fileRef = 329A770422C39C22008BD5D2 /* LaunchScreen.storyboard */; };
		32A8374E22C4A27000952047 /* TableViewController.swift in Sources */ = {isa = PBXBuildFile; fileRef = 32A8374D22C4A27000952047 /* TableViewController.swift */; };
/* End PBXBuildFile section */

/* Begin PBXFileReference section */
		329A76F822C39C18008BD5D2 /* Ixigo.app */ = {isa = PBXFileReference; explicitFileType = wrapper.application; includeInIndex = 0; path = Ixigo.app; sourceTree = BUILT_PRODUCTS_DIR; };
		329A76FB22C39C18008BD5D2 /* AppDelegate.swift */ = {isa = PBXFileReference; lastKnownFileType = sourcecode.swift; path = AppDelegate.swift; sourceTree = "<group>"; };
		329A770022C39C18008BD5D2 /* Base */ = {isa = PBXFileReference; lastKnownFileType = file.storyboard; name = Base; path = Base.lproj/Main.storyboard; sourceTree = "<group>"; };
		329A770222C39C22008BD5D2 /* Assets.xcassets */ = {isa = PBXFileReference; lastKnownFileType = folder.assetcatalog; path = Assets.xcassets; sourceTree = "<group>"; };
		329A770522C39C22008BD5D2 /* Base */ = {isa = PBXFileReference; lastKnownFileType = file.storyboard; name = Base; path = Base.lproj/LaunchScreen.storyboard; sourceTree = "<group>"; };
		329A770722C39C22008BD5D2 /* Info.plist */ = {isa = PBXFileReference; lastKnownFileType = text.plist.xml; path = Info.plist; sourceTree = "<group>"; };
		32A8374D22C4A27000952047 /* TableViewController.swift */ = {isa = PBXFileReference; lastKnownFileType = sourcecode.swift; path = TableViewController.swift; sourceTree = "<group>"; };
		9A85EB44516D845E8A5FFF42 /* Pods-Ixigo.debug.xcconfig */ = {isa = PBXFileReference; includeInIndex = 1; lastKnownFileType = text.xcconfig; name = "Pods-Ixigo.debug.xcconfig"; path = "Target Support Files/Pods-Ixigo/Pods-Ixigo.debug.xcconfig"; sourceTree = "<group>"; };
		D2AC8414B1212E16015001F1 /* Pods_Ixigo.framework */ = {isa = PBXFileReference; explicitFileType = wrapper.framework; includeInIndex = 0; path = Pods_Ixigo.framework; sourceTree = BUILT_PRODUCTS_DIR; };
		E4ED135A59B2A7E0746A3AC8 /* Pods-Ixigo.release.xcconfig */ = {isa = PBXFileReference; includeInIndex = 1; lastKnownFileType = text.xcconfig; name = "Pods-Ixigo.release.xcconfig"; path = "Target Support Files/Pods-Ixigo/Pods-Ixigo.release.xcconfig"; sourceTree = "<group>"; };
/* End PBXFileReference section */

/* Begin PBXFrameworksBuildPhase section */
		329A76F522C39C18008BD5D2 /* Frameworks */ = {
			isa = PBXFrameworksBuildPhase;
			buildActionMask = 2147483647;
			files = (
				247C1D9E9F79C470E3C644CC /* Pods_Ixigo.framework in Frameworks */,
			);
			runOnlyForDeploymentPostprocessing = 0;
		};
/* End PBXFrameworksBuildPhase section */

/* Begin PBXGroup section */
		329A76EF22C39C18008BD5D2 = {
			isa = PBXGroup;
			children = (
				329A76FA22C39C18008BD5D2 /* Ixigo */,
				329A76F922C39C18008BD5D2 /* Products */,
				C05702CDBC0A5823D349AEEA /* Pods */,
				AC5A623AEFDB21FCC153DBD4 /* Frameworks */,
			);
			sourceTree = "<group>";
		};
		329A76F922C39C18008BD5D2 /* Products */ = {
			isa = PBXGroup;
			children = (
				329A76F822C39C18008BD5D2 /* Ixigo.app */,
			);
			name = Products;
			sourceTree = "<group>";
		};
		329A76FA22C39C18008BD5D2 /* Ixigo */ = {
			isa = PBXGroup;
			children = (
				329A76FB22C39C18008BD5D2 /* AppDelegate.swift */,
				32A8374D22C4A27000952047 /* TableViewController.swift */,
				329A76FF22C39C18008BD5D2 /* Main.storyboard */,
				329A770222C39C22008BD5D2 /* Assets.xcassets */,
				329A770422C39C22008BD5D2 /* LaunchScreen.storyboard */,
				329A770722C39C22008BD5D2 /* Info.plist */,
			);
			path = Ixigo;
			sourceTree = "<group>";
		};
		AC5A623AEFDB21FCC153DBD4 /* Frameworks */ = {
			isa = PBXGroup;
			children = (
				D2AC8414B1212E16015001F1 /* Pods_Ixigo.framework */,
			);
			name = Frameworks;
			sourceTree = "<group>";
		};
		C05702CDBC0A5823D349AEEA /* Pods */ = {
			isa = PBXGroup;
			children = (
				9A85EB44516D845E8A5FFF42 /* Pods-Ixigo.debug.xcconfig */,
				E4ED135A59B2A7E0746A3AC8 /* Pods-Ixigo.release.xcconfig */,
			);
			path = Pods;
			sourceTree = "<group>";
		};
/* End PBXGroup section */

/* Begin PBXNativeTarget section */
		329A76F722C39C18008BD5D2 /* Ixigo */ = {
			isa = PBXNativeTarget;
			buildConfigurationList = 329A770A22C39C22008BD5D2 /* Build configuration list for PBXNativeTarget "Ixigo" */;
			buildPhases = (
				DEEAEC97C794635C4BE3E3DD /* [CP] Check Pods Manifest.lock */,
				329A76F422C39C18008BD5D2 /* Sources */,
				329A76F522C39C18008BD5D2 /* Frameworks */,
				329A76F622C39C18008BD5D2 /* Resources */,
				1D0947EDCEA30B24AE16EEEF /* [CP] Embed Pods Frameworks */,
			);
			buildRules = (
			);
			dependencies = (
			);
			name = Ixigo;
			productName = Ixigo;
			productReference = 329A76F822C39C18008BD5D2 /* Ixigo.app */;
			productType = "com.apple.product-type.application";
		};
/* End PBXNativeTarget section */

/* Begin PBXProject section */
		329A76F022C39C18008BD5D2 /* Project object */ = {
			isa = PBXProject;
			attributes = {
				LastSwiftUpdateCheck = 1010;
				LastUpgradeCheck = 1010;
				ORGANIZATIONNAME = ApostekBlr;
				TargetAttributes = {
					329A76F722C39C18008BD5D2 = {
						CreatedOnToolsVersion = 10.1;
					};
				};
			};
			buildConfigurationList = 329A76F322C39C18008BD5D2 /* Build configuration list for PBXProject "Ixigo" */;
			compatibilityVersion = "Xcode 9.3";
			developmentRegion = en;
			hasScannedForEncodings = 0;
			knownRegions = (
				en,
				Base,
			);
			mainGroup = 329A76EF22C39C18008BD5D2;
			productRefGroup = 329A76F922C39C18008BD5D2 /* Products */;
			projectDirPath = "";
			projectRoot = "";
			targets = (
				329A76F722C39C18008BD5D2 /* Ixigo */,
			);
		};
/* End PBXProject section */

/* Begin PBXResourcesBuildPhase section */
		329A76F622C39C18008BD5D2 /* Resources */ = {
			isa = PBXResourcesBuildPhase;
			buildActionMask = 2147483647;
			files = (
				329A770622C39C22008BD5D2 /* LaunchScreen.storyboard in Resources */,
				329A770322C39C22008BD5D2 /* Assets.xcassets in Resources */,
				329A770122C39C18008BD5D2 /* Main.storyboard in Resources */,
			);
			runOnlyForDeploymentPostprocessing = 0;
		};
/* End PBXResourcesBuildPhase section */

/* Begin PBXShellScriptBuildPhase section */
		1D0947EDCEA30B24AE16EEEF /* [CP] Embed Pods Frameworks */ = {
			isa = PBXShellScriptBuildPhase;
			buildActionMask = 2147483647;
			files = (
			);
			inputFileListPaths = (
			);
			inputPaths = (
				"${PODS_ROOT}/Target Support Files/Pods-Ixigo/Pods-Ixigo-frameworks.sh",
				"${BUILT_PRODUCTS_DIR}/SwiftyJSON/SwiftyJSON.framework",
			);
			name = "[CP] Embed Pods Frameworks";
			outputFileListPaths = (
			);
			outputPaths = (
				"${TARGET_BUILD_DIR}/${FRAMEWORKS_FOLDER_PATH}/SwiftyJSON.framework",
			);
			runOnlyForDeploymentPostprocessing = 0;
			shellPath = /bin/sh;
			shellScript = "\"${PODS_ROOT}/Target Support Files/Pods-Ixigo/Pods-Ixigo-frameworks.sh\"\n";
			showEnvVarsInLog = 0;
		};
		DEEAEC97C794635C4BE3E3DD /* [CP] Check Pods Manifest.lock */ = {
			isa = PBXShellScriptBuildPhase;
			buildActionMask = 2147483647;
			files = (
			);
			inputFileListPaths = (
			);
			inputPaths = (
				"${PODS_PODFILE_DIR_PATH}/Podfile.lock",
				"${PODS_ROOT}/Manifest.lock",
			);
			name = "[CP] Check Pods Manifest.lock";
			outputFileListPaths = (
			);
			outputPaths = (
				"$(DERIVED_FILE_DIR)/Pods-Ixigo-checkManifestLockResult.txt",
			);
			runOnlyForDeploymentPostprocessing = 0;
			shellPath = /bin/sh;
			shellScript = "diff \"${PODS_PODFILE_DIR_PATH}/Podfile.lock\" \"${PODS_ROOT}/Manifest.lock\" > /dev/null\nif [ $? != 0 ] ; then\n    # print error to STDERR\n    echo \"error: The sandbox is not in sync with the Podfile.lock. Run 'pod install' or update your CocoaPods installation.\" >&2\n    exit 1\nfi\n# This output is used by Xcode 'outputs' to avoid re-running this script phase.\necho \"SUCCESS\" > \"${SCRIPT_OUTPUT_FILE_0}\"\n";
			showEnvVarsInLog = 0;
		};
/* End PBXShellScriptBuildPhase section */

/* Begin PBXSourcesBuildPhase section */
		329A76F422C39C18008BD5D2 /* Sources */ = {
			isa = PBXSourcesBuildPhase;
			buildActionMask = 2147483647;
			files = (
				329A76FC22C39C18008BD5D2 /* AppDelegate.swift in Sources */,
				32A8374E22C4A27000952047 /* TableViewController.swift in Sources */,
			);
			runOnlyForDeploymentPostprocessing = 0;
		};
/* End PBXSourcesBuildPhase section */

/* Begin PBXVariantGroup section */
		329A76FF22C39C18008BD5D2 /* Main.storyboard */ = {
			isa = PBXVariantGroup;
			children = (
				329A770022C39C18008BD5D2 /* Base */,
			);
			name = Main.storyboard;
			sourceTree = "<group>";
		};
		329A770422C39C22008BD5D2 /* LaunchScreen.storyboard */ = {
			isa = PBXVariantGroup;
			children = (
				329A770522C39C22008BD5D2 /* Base */,
			);
			name = LaunchScreen.storyboard;
			sourceTree = "<group>";
		};
/* End PBXVariantGroup section */

/* Begin XCBuildConfiguration section */
		329A770822C39C22008BD5D2 /* Debug */ = {
			isa = XCBuildConfiguration;
			buildSettings = {
				ALWAYS_SEARCH_USER_PATHS = NO;
				CLANG_ANALYZER_NONNULL = YES;
				CLANG_ANALYZER_NUMBER_OBJECT_CONVERSION = YES_AGGRESSIVE;
				CLANG_CXX_LANGUAGE_STANDARD = "gnu++14";
				CLANG_CXX_LIBRARY = "libc++";
				CLANG_ENABLE_MODULES = YES;
				CLANG_ENABLE_OBJC_ARC = YES;
				CLANG_ENABLE_OBJC_WEAK = YES;
				CLANG_WARN_BLOCK_CAPTURE_AUTORELEASING = YES;
				CLANG_WARN_BOOL_CONVERSION = YES;
				CLANG_WARN_COMMA = YES;
				CLANG_WARN_CONSTANT_CONVERSION = YES;
				CLANG_WARN_DEPRECATED_OBJC_IMPLEMENTATIONS = YES;
				CLANG_WARN_DIRECT_OBJC_ISA_USAGE = YES_ERROR;
				CLANG_WARN_DOCUMENTATION_COMMENTS = YES;
				CLANG_WARN_EMPTY_BODY = YES;
				CLANG_WARN_ENUM_CONVERSION = YES;
				CLANG_WARN_INFINITE_RECURSION = YES;
				CLANG_WARN_INT_CONVERSION = YES;
				CLANG_WARN_NON_LITERAL_NULL_CONVERSION = YES;
				CLANG_WARN_OBJC_IMPLICIT_RETAIN_SELF = YES;
				CLANG_WARN_OBJC_LITERAL_CONVERSION = YES;
				CLANG_WARN_OBJC_ROOT_CLASS = YES_ERROR;
				CLANG_WARN_RANGE_LOOP_ANALYSIS = YES;
				CLANG_WARN_STRICT_PROTOTYPES = YES;
				CLANG_WARN_SUSPICIOUS_MOVE = YES;
				CLANG_WARN_UNGUARDED_AVAILABILITY = YES_AGGRESSIVE;
				CLANG_WARN_UNREACHABLE_CODE = YES;
				CLANG_WARN__DUPLICATE_METHOD_MATCH = YES;
				CODE_SIGN_IDENTITY = "iPhone Developer";
				COPY_PHASE_STRIP = NO;
				DEBUG_INFORMATION_FORMAT = dwarf;
				ENABLE_STRICT_OBJC_MSGSEND = YES;
				ENABLE_TESTABILITY = YES;
				GCC_C_LANGUAGE_STANDARD = gnu11;
				GCC_DYNAMIC_NO_PIC = NO;
				GCC_NO_COMMON_BLOCKS = YES;
				GCC_OPTIMIZATION_LEVEL = 0;
				GCC_PREPROCESSOR_DEFINITIONS = (
					"DEBUG=1",
					"$(inherited)",
				);
				GCC_WARN_64_TO_32_BIT_CONVERSION = YES;
				GCC_WARN_ABOUT_RETURN_TYPE = YES_ERROR;
				GCC_WARN_UNDECLARED_SELECTOR = YES;
				GCC_WARN_UNINITIALIZED_AUTOS = YES_AGGRESSIVE;
				GCC_WARN_UNUSED_FUNCTION = YES;
				GCC_WARN_UNUSED_VARIABLE = YES;
				IPHONEOS_DEPLOYMENT_TARGET = 12.1;
				MTL_ENABLE_DEBUG_INFO = INCLUDE_SOURCE;
				MTL_FAST_MATH = YES;
				ONLY_ACTIVE_ARCH = YES;
				SDKROOT = iphoneos;
				SWIFT_ACTIVE_COMPILATION_CONDITIONS = DEBUG;
				SWIFT_OPTIMIZATION_LEVEL = "-Onone";
				SWIFT_VERSION = 4.2;
			};
			name = Debug;
		};
		329A770922C39C22008BD5D2 /* Release */ = {
			isa = XCBuildConfiguration;
			buildSettings = {
				ALWAYS_SEARCH_USER_PATHS = NO;
				CLANG_ANALYZER_NONNULL = YES;
				CLANG_ANALYZER_NUMBER_OBJECT_CONVERSION = YES_AGGRESSIVE;
				CLANG_CXX_LANGUAGE_STANDARD = "gnu++14";
				CLANG_CXX_LIBRARY = "libc++";
				CLANG_ENABLE_MODULES = YES;
				CLANG_ENABLE_OBJC_ARC = YES;
				CLANG_ENABLE_OBJC_WEAK = YES;
				CLANG_WARN_BLOCK_CAPTURE_AUTORELEASING = YES;
				CLANG_WARN_BOOL_CONVERSION = YES;
				CLANG_WARN_COMMA = YES;
				CLANG_WARN_CONSTANT_CONVERSION = YES;
				CLANG_WARN_DEPRECATED_OBJC_IMPLEMENTATIONS = YES;
				CLANG_WARN_DIRECT_OBJC_ISA_USAGE = YES_ERROR;
				CLANG_WARN_DOCUMENTATION_COMMENTS = YES;
				CLANG_WARN_EMPTY_BODY = YES;
				CLANG_WARN_ENUM_CONVERSION = YES;
				CLANG_WARN_INFINITE_RECURSION = YES;
				CLANG_WARN_INT_CONVERSION = YES;
				CLANG_WARN_NON_LITERAL_NULL_CONVERSION = YES;
				CLANG_WARN_OBJC_IMPLICIT_RETAIN_SELF = YES;
				CLANG_WARN_OBJC_LITERAL_CONVERSION = YES;
				CLANG_WARN_OBJC_ROOT_CLASS = YES_ERROR;
				CLANG_WARN_RANGE_LOOP_ANALYSIS = YES;
				CLANG_WARN_STRICT_PROTOTYPES = YES;
				CLANG_WARN_SUSPICIOUS_MOVE = YES;
				CLANG_WARN_UNGUARDED_AVAILABILITY = YES_AGGRESSIVE;
				CLANG_WARN_UNREACHABLE_CODE = YES;
				CLANG_WARN__DUPLICATE_METHOD_MATCH = YES;
				CODE_SIGN_IDENTITY = "iPhone Developer";
				COPY_PHASE_STRIP = NO;
				DEBUG_INFORMATION_FORMAT = "dwarf-with-dsym";
				ENABLE_NS_ASSERTIONS = NO;
				ENABLE_STRICT_OBJC_MSGSEND = YES;
				GCC_C_LANGUAGE_STANDARD = gnu11;
				GCC_NO_COMMON_BLOCKS = YES;
				GCC_WARN_64_TO_32_BIT_CONVERSION = YES;
				GCC_WARN_ABOUT_RETURN_TYPE = YES_ERROR;
				GCC_WARN_UNDECLARED_SELECTOR = YES;
				GCC_WARN_UNINITIALIZED_AUTOS = YES_AGGRESSIVE;
				GCC_WARN_UNUSED_FUNCTION = YES;
				GCC_WARN_UNUSED_VARIABLE = YES;
				IPHONEOS_DEPLOYMENT_TARGET = 12.1;
				MTL_ENABLE_DEBUG_INFO = NO;
				MTL_FAST_MATH = YES;
				SDKROOT = iphoneos;
				SWIFT_COMPILATION_MODE = wholemodule;
				SWIFT_OPTIMIZATION_LEVEL = "-O";
				SWIFT_VERSION = 4.2;
				VALIDATE_PRODUCT = YES;
			};
			name = Release;
		};
		329A770B22C39C22008BD5D2 /* Debug */ = {
			isa = XCBuildConfiguration;
			baseConfigurationReference = 9A85EB44516D845E8A5FFF42 /* Pods-Ixigo.debug.xcconfig */;
			buildSettings = {
				ASSETCATALOG_COMPILER_APPICON_NAME = AppIcon;
				CODE_SIGN_STYLE = Automatic;
				DEVELOPMENT_TEAM = SQFU87ZKVY;
				INFOPLIST_FILE = Ixigo/Info.plist;
				LD_RUNPATH_SEARCH_PATHS = (
					"$(inherited)",
					"@executable_path/Frameworks",
				);
				PRODUCT_BUNDLE_IDENTIFIER = apostekblr.krishana.practice.Ixigo;
				PRODUCT_NAME = "$(TARGET_NAME)";
				SWIFT_VERSION = 4.2;
				TARGETED_DEVICE_FAMILY = "1,2";
			};
			name = Debug;
		};
		329A770C22C39C22008BD5D2 /* Release */ = {
			isa = XCBuildConfiguration;
			baseConfigurationReference = E4ED135A59B2A7E0746A3AC8 /* Pods-Ixigo.release.xcconfig */;
			buildSettings = {
				ASSETCATALOG_COMPILER_APPICON_NAME = AppIcon;
				CODE_SIGN_STYLE = Automatic;
				DEVELOPMENT_TEAM = SQFU87ZKVY;
				INFOPLIST_FILE = Ixigo/Info.plist;
				LD_RUNPATH_SEARCH_PATHS = (
					"$(inherited)",
					"@executable_path/Frameworks",
				);
				PRODUCT_BUNDLE_IDENTIFIER = apostekblr.krishana.practice.Ixigo;
				PRODUCT_NAME = "$(TARGET_NAME)";
				SWIFT_VERSION = 4.2;
				TARGETED_DEVICE_FAMILY = "1,2";
			};
			name = Release;
		};
/* End XCBuildConfiguration section */

/* Begin XCConfigurationList section */
		329A76F322C39C18008BD5D2 /* Build configuration list for PBXProject "Ixigo" */ = {
			isa = XCConfigurationList;
			buildConfigurations = (
				329A770822C39C22008BD5D2 /* Debug */,
				329A770922C39C22008BD5D2 /* Release */,
			);
			defaultConfigurationIsVisible = 0;
			defaultConfigurationName = Release;
		};
		329A770A22C39C22008BD5D2 /* Build configuration list for PBXNativeTarget "Ixigo" */ = {
			isa = XCConfigurationList;
			buildConfigurations = (
				329A770B22C39C22008BD5D2 /* Debug */,
				329A770C22C39C22008BD5D2 /* Release */,
			);
			defaultConfigurationIsVisible = 0;
			defaultConfigurationName = Release;
		};
/* End XCConfigurationList section */
	};
	rootObject = 329A76F022C39C18008BD5D2 /* Project object */;
}
